
Microsoft Visual Studio Solution File, Format Version 12.00
# Visual Studio Version 17
VisualStudioVersion = 17.12.35506.116
MinimumVisualStudioVersion = 10.0.40219.1
Project("{FAE04EC0-301F-11D3-BF4B-00C04F79EFBC}") = "FinancePlatform.API", "FinancePlatform.API\FinancePlatform.API.csproj", "{9D7160CA-3C27-487F-88CD-0AD933F79F85}"
EndProject
Project("{FAE04EC0-301F-11D3-BF4B-00C04F79EFBC}") = "FinancePlatform.Tests", "FinancePlatform.Tests\FinancePlatform.Tests.csproj", "{577E5799-5B00-46A4-AD40-E79D7D882CC0}"
EndProject
Global
	GlobalSection(SolutionConfigurationPlatforms) = preSolution
		Debug|Any CPU = Debug|Any CPU
		Release|Any CPU = Release|Any CPU
	EndGlobalSection
	GlobalSection(ProjectConfigurationPlatforms) = postSolution
		{9D7160CA-3C27-487F-88CD-0AD933F79F85}.Debug|Any CPU.ActiveCfg = Debug|Any CPU
		{9D7160CA-3C27-487F-88CD-0AD933F79F85}.Debug|Any CPU.Build.0 = Debug|Any CPU
		{9D7160CA-3C27-487F-88CD-0AD933F79F85}.Release|Any CPU.ActiveCfg = Release|Any CPU
		{9D7160CA-3C27-487F-88CD-0AD933F79F85}.Release|Any CPU.Build.0 = Release|Any CPU
		{577E5799-5B00-46A4-AD40-E79D7D882CC0}.Debug|Any CPU.ActiveCfg = Debug|Any CPU
		{577E5799-5B00-46A4-AD40-E79D7D882CC0}.Debug|Any CPU.Build.0 = Debug|Any CPU
		{577E5799-5B00-46A4-AD40-E79D7D882CC0}.Release|Any CPU.ActiveCfg = Release|Any CPU
		{577E5799-5B00-46A4-AD40-E79D7D882CC0}.Release|Any CPU.Build.0 = Release|Any CPU
	EndGlobalSection
	GlobalSection(SolutionProperties) = preSolution
		HideSolutionNode = FALSE
	EndGlobalSection
EndGlobal
